PODS:
  - Flutter (1.0.0)
  - onnxruntime (0.0.1):
    - Flutter
    - onnxruntime-objc (= 1.30.0)
  - onnxruntime-c (1.30.0)
  - onnxruntime-objc (1.30.0):
    - onnxruntime-objc/Core (= 1.30.0)
  - onnxruntime-objc/Core (1.30.0):
    - onnxruntime-c (= 1.30.0)

DEPENDENCIES:
  - Flutter (from `Flutter`)
  - onnxruntime (from `.symlinks/plugins/onnxruntime/ios`)

SPEC REPOS:
  trunk:
    - onnxruntime-c
    - onnxruntime-objc

EXTERNAL SOURCES:
  Flutter:
    :path: Flutter
  onnxruntime:
    :path: ".symlinks/plugins/onnxruntime/ios"

SPEC CHECKSUMS:
  Flutter: 71a624a5bc0c04062bf19101d501e466baf2fb47
  onnxruntime: 4a1271dcca34c1f2c9ab43d1c95475f8f7506ea7
  onnxruntime-c: 36ca0f2cdbc89c6b330ec5287c3faf5ca6ed394d
  onnxruntime-objc: b5edf18cf57daebe2ee59a7866aab12c8eeff940

PODFILE CHECKSUM: a61e116cac5ae2c6f77b36b57551032128dbe83c

COCOAPODS: 1.17.0
