PODS:
  - FlutterMacOS (1.0.0)
  - onnxruntime (0.0.1):
    - FlutterMacOS
    - onnxruntime-c (= 1.30.0)
  - onnxruntime-c (1.30.0)

DEPENDENCIES:
  - FlutterMacOS (from `Flutter/ephemeral`)
  - onnxruntime (from `Flutter/ephemeral/.symlinks/plugins/onnxruntime/macos`)

SPEC REPOS:
  trunk:
    - onnxruntime-c

EXTERNAL SOURCES:
  FlutterMacOS:
    :path: Flutter/ephemeral
  onnxruntime:
    :path: Flutter/ephemeral/.symlinks/plugins/onnxruntime/macos

SPEC CHECKSUMS:
  FlutterMacOS: c232990155153907050900a2e175c7773903ba4e
  onnxruntime: ae3138db3a423edd98f92247add230a29ba5a039
  onnxruntime-c: 36ca0f2cdbc89c6b330ec5287c3faf5ca6ed394d

PODFILE CHECKSUM: 6acf97521436d16fc31cd5e1a02000905acdb3ae

COCOAPODS: 1.17.0
